
Microsoft Visual Studio Solution File, Format Version 12.00
# Visual Studio Version 16
VisualStudioVersion = 16.0.30011.22
MinimumVisualStudioVersion = 10.0.40219.1
Project("{FAE04EC0-301F-11D3-BF4B-00C04F79EFBC}") = "Xadrez", "Xadrez\Xadrez.csproj", "{0057DC9B-E863-485A-B7DC-1BF49516CCAE}"
EndProject
Global
	GlobalSection(SolutionConfigurationPlatforms) = preSolution
		Debug|Any CPU = Debug|Any CPU
		Release|Any CPU = Release|Any CPU
	EndGlobalSection
	GlobalSection(ProjectConfigurationPlatforms) = postSolution
		{0057DC9B-E863-485A-B7DC-1BF49516CCAE}.Debug|Any CPU.ActiveCfg = Debug|Any CPU
		{0057DC9B-E863-485A-B7DC-1BF49516CCAE}.Debug|Any CPU.Build.0 = Debug|Any CPU
		{0057DC9B-E863-485A-B7DC-1BF49516CCAE}.Release|Any CPU.ActiveCfg = Release|Any CPU
		{0057DC9B-E863-485A-B7DC-1BF49516CCAE}.Release|Any CPU.Build.0 = Release|Any CPU
	EndGlobalSection
	GlobalSection(SolutionProperties) = preSolution
		HideSolutionNode = FALSE
	EndGlobalSection
	GlobalSection(ExtensibilityGlobals) = postSolution
		SolutionGuid = {4E58B44D-E28A-4830-99BC-4B2DC30B481D}
	EndGlobalSection
EndGlobal
